
Microsoft Visual Studio Solution File, Format Version 12.00
# Visual Studio 15
VisualStudioVersion = 15.0.27703.2026
MinimumVisualStudioVersion = 10.0.40219.1
Project("{FAE04EC0-301F-11D3-BF4B-00C04F79EFBC}") = "MyApp.OAuth", "MyApp.OAuth\MyApp.OAuth.csproj", "{A65397CF-9E3B-4932-8F03-0BB5D5912772}"
EndProject
Global
	GlobalSection(SolutionConfigurationPlatforms) = preSolution
		Debug|Any CPU = Debug|Any CPU
		Release|Any CPU = Release|Any CPU
	EndGlobalSection
	GlobalSection(ProjectConfigurationPlatforms) = postSolution
		{A65397CF-9E3B-4932-8F03-0BB5D5912772}.Debug|Any CPU.ActiveCfg = Debug|Any CPU
		{A65397CF-9E3B-4932-8F03-0BB5D5912772}.Debug|Any CPU.Build.0 = Debug|Any CPU
		{A65397CF-9E3B-4932-8F03-0BB5D5912772}.Release|Any CPU.ActiveCfg = Release|Any CPU
		{A65397CF-9E3B-4932-8F03-0BB5D5912772}.Release|Any CPU.Build.0 = Release|Any CPU
	EndGlobalSection
	GlobalSection(SolutionProperties) = preSolution
		HideSolutionNode = FALSE
	EndGlobalSection
	GlobalSection(ExtensibilityGlobals) = postSolution
		SolutionGuid = {ABC560AF-A511-4362-89E7-82F9B6435D45}
	EndGlobalSection
EndGlobal
